<?xml version="1.0" encoding="utf-8"?>
<Project ToolsVersion="4.0" xmlns="http://schemas.microsoft.com/developer/msbuild/2003">
  <ItemGroup>
    <Filter Include="Source Files">
      <UniqueIdentifier>{0adace59-0237-49f4-94be-6a46f2340fd7}</UniqueIdentifier>
      <Extensions>cpp;c;cxx;def;odl;idl;hpj;bat;asm</Extensions>
    </Filter>
    <Filter Include="Header Files">
      <UniqueIdentifier>{a0908262-f669-46fd-9ee1-481e27e52eac}</UniqueIdentifier>
      <Extensions>h;hpp;hxx;hm;inl;inc</Extensions>
    </Filter>
  </ItemGroup>
  <ItemGroup>
    <ClCompile Include="Rasterizer.cpp">
      <Filter>Source Files</Filter>
    </ClCompile>
    <ClCompile Include="RealTextParser.cpp">
      <Filter>Source Files</Filter>
    </ClCompile>
    <ClCompile Include="RTS.cpp">
      <Filter>Source Files</Filter>
    </ClCompile>
    <ClCompile Include="stdafx.cpp">
      <Filter>Source Files</Filter>
    </ClCompile>
    <ClCompile Include="STS.cpp">
      <Filter>Source Files</Filter>
    </ClCompile>
    <ClCompile Include="TextFile.cpp">
      <Filter>Source Files</Filter>
    </ClCompile>
    <ClCompile Include="USFSubtitles.cpp">
      <Filter>Source Files</Filter>
    </ClCompile>
  </ItemGroup>
  <ItemGroup>
    <ClInclude Include="Rasterizer.h">
      <Filter>Header Files</Filter>
    </ClInclude>
    <ClInclude Include="RealTextParser.h">
      <Filter>Header Files</Filter>
    </ClInclude>
    <ClInclude Include="RTS.h">
      <Filter>Header Files</Filter>
    </ClInclude>
    <ClInclude Include="SeparableFilter.h">
      <Filter>Header Files</Filter>
    </ClInclude>
    <ClInclude Include="stdafx.h">
      <Filter>Header Files</Filter>
    </ClInclude>
    <ClInclude Include="STS.h">
      <Filter>Header Files</Filter>
    </ClInclude>
    <ClInclude Include="TextFile.h">
      <Filter>Header Files</Filter>
    </ClInclude>
    <ClInclude Include="USFSubtitles.h">
      <Filter>Header Files</Filter>
    </ClInclude>
  </ItemGroup>
</Project>